{
  "name": "@serdardb/context-bridge",
  "version": "0.12.4",
  "lockfileVersion": 3,
  "requires": true,
  "packages": {
    "": {
      "name": "@serdardb/context-bridge",
      "version": "0.12.4",
      "license": "MIT",
      "bin": {
        "bridge": "bin/bridge.mjs"
      },
      "engines": {
        "node": ">=18.18"
      }
    }
  }
}
